
Microsoft Visual Studio Solution File, Format Version 12.00
# Visual Studio 15
Project("{FAE04EC0-301F-11D3-BF4B-00C04F79EFBC}") = "mlh", "mlh.csproj", "{17309E65-C37F-499C-804D-D70FDEB75CE4}"
EndProject
Global
	GlobalSection(SolutionConfigurationPlatforms) = preSolution
		Debug|Any CPU = Debug|Any CPU
		Release|Any CPU = Release|Any CPU
	EndGlobalSection
	GlobalSection(ProjectConfigurationPlatforms) = postSolution
		{17309E65-C37F-499C-804D-D70FDEB75CE4}.Debug|Any CPU.ActiveCfg = Debug|Any CPU
		{17309E65-C37F-499C-804D-D70FDEB75CE4}.Debug|Any CPU.Build.0 = Debug|Any CPU
		{17309E65-C37F-499C-804D-D70FDEB75CE4}.Release|Any CPU.ActiveCfg = Release|Any CPU
		{17309E65-C37F-499C-804D-D70FDEB75CE4}.Release|Any CPU.Build.0 = Release|Any CPU
	EndGlobalSection
EndGlobal
